
Microsoft Visual Studio Solution File, Format Version 12.00
# Visual Studio Version 16
VisualStudioVersion = 16.0.28803.452
MinimumVisualStudioVersion = 10.0.40219.1
Project("{FAE04EC0-301F-11D3-BF4B-00C04F79EFBC}") = "Dots_And_Boxes_Client", "tester\Dots_And_Boxes_Client.csproj", "{EE21A178-F6A5-46F3-B7B8-C72300D02A51}"
EndProject
Global
	GlobalSection(SolutionConfigurationPlatforms) = preSolution
		Debug|Any CPU = Debug|Any CPU
		Release|Any CPU = Release|Any CPU
	EndGlobalSection
	GlobalSection(ProjectConfigurationPlatforms) = postSolution
		{EE21A178-F6A5-46F3-B7B8-C72300D02A51}.Debug|Any CPU.ActiveCfg = Debug|Any CPU
		{EE21A178-F6A5-46F3-B7B8-C72300D02A51}.Debug|Any CPU.Build.0 = Debug|Any CPU
		{EE21A178-F6A5-46F3-B7B8-C72300D02A51}.Release|Any CPU.ActiveCfg = Release|Any CPU
		{EE21A178-F6A5-46F3-B7B8-C72300D02A51}.Release|Any CPU.Build.0 = Release|Any CPU
	EndGlobalSection
	GlobalSection(SolutionProperties) = preSolution
		HideSolutionNode = FALSE
	EndGlobalSection
	GlobalSection(ExtensibilityGlobals) = postSolution
		SolutionGuid = {26BD51B9-32B7-4307-BDC0-01145288DBDB}
	EndGlobalSection
EndGlobal
